
Microsoft Visual Studio Solution File, Format Version 12.00
# Visual Studio Version 17
VisualStudioVersion = 17.5.33502.453
MinimumVisualStudioVersion = 10.0.40219.1
Project("{9A19103F-16F7-4668-BE54-9A1E7A4F7556}") = "PakImages.Online", "NET8_Sample_Application\PakImages.Online.csproj", "{5F796E25-F063-488F-A7D3-09AD59EB5B10}"
EndProject
Global
	GlobalSection(SolutionConfigurationPlatforms) = preSolution
		Debug|Any CPU = Debug|Any CPU
		Release|Any CPU = Release|Any CPU
	EndGlobalSection
	GlobalSection(ProjectConfigurationPlatforms) = postSolution
		{5F796E25-F063-488F-A7D3-09AD59EB5B10}.Debug|Any CPU.ActiveCfg = Debug|Any CPU
		{5F796E25-F063-488F-A7D3-09AD59EB5B10}.Debug|Any CPU.Build.0 = Debug|Any CPU
		{5F796E25-F063-488F-A7D3-09AD59EB5B10}.Release|Any CPU.ActiveCfg = Release|Any CPU
		{5F796E25-F063-488F-A7D3-09AD59EB5B10}.Release|Any CPU.Build.0 = Release|Any CPU
	EndGlobalSection
	GlobalSection(SolutionProperties) = preSolution
		HideSolutionNode = FALSE
	EndGlobalSection
	GlobalSection(ExtensibilityGlobals) = postSolution
		SolutionGuid = {23151282-FE40-4C8C-AC94-1FB7989DD473}
	EndGlobalSection
EndGlobal
